# Code generated by scarb DO NOT EDIT.
version = 1

[[package]]
name = "astronomy_engine_v1"
version = "0.1.0"

[[package]]
name = "astronomy_engine_v2"
version = "0.1.0"

[[package]]
name = "astronomy_engine_v3"
version = "0.1.0"

[[package]]
name = "astronomy_engine_v4"
version = "0.1.0"

[[package]]
name = "star_chart"
version = "0.1.0"
dependencies = [
 "astronomy_engine_v1",
]

[[package]]
name = "star_chart_v2"
version = "0.1.0"
dependencies = [
 "astronomy_engine_v2",
]
